
Microsoft Visual Studio Solution File, Format Version 12.00
# Visual Studio 16
Project("{FAE04EC0-301F-11D3-BF4B-00C04F79EFBC}") = "PhotonUnityNetworking.Utilities", "PhotonUnityNetworking.Utilities.csproj", "{F6E31380-679E-4A71-9A21-E7213C507416}"
EndProject
Project("{FAE04EC0-301F-11D3-BF4B-00C04F79EFBC}") = "PhotonUnityNetworking", "PhotonUnityNetworking.csproj", "{15C4A3D6-8DD7-FEDD-0C41-AC786A59070E}"
EndProject
Project("{FAE04EC0-301F-11D3-BF4B-00C04F79EFBC}") = "PhotonRealtime", "PhotonRealtime.csproj", "{E1B65699-8A65-0513-D3AD-95D4B7447278}"
EndProject
Project("{FAE04EC0-301F-11D3-BF4B-00C04F79EFBC}") = "Assembly-CSharp", "Assembly-CSharp.csproj", "{D3FB3785-6E41-D246-CBDE-C5C7372AD1D5}"
EndProject
Project("{FAE04EC0-301F-11D3-BF4B-00C04F79EFBC}") = "PhotonWebSocket", "PhotonWebSocket.csproj", "{A660E7AB-96A1-FC72-39F3-4613CFB4B190}"
EndProject
Project("{FAE04EC0-301F-11D3-BF4B-00C04F79EFBC}") = "PhotonUnityNetworking.Editor", "PhotonUnityNetworking.Editor.csproj", "{8296F615-A7A8-DA05-9CEB-8FB0EF7CB15B}"
EndProject
Project("{FAE04EC0-301F-11D3-BF4B-00C04F79EFBC}") = "PhotonUnityNetworking.Utilities.PhotonPlayer.Editor", "PhotonUnityNetworking.Utilities.PhotonPlayer.Editor.csproj", "{3E7BA511-4A13-04C0-7815-E3F3371EC9A7}"
EndProject
Project("{FAE04EC0-301F-11D3-BF4B-00C04F79EFBC}") = "PhotonUnityNetworking.Utilities.Culling.Editor", "PhotonUnityNetworking.Utilities.Culling.Editor.csproj", "{A24A0B35-7159-5C38-1BE7-54A74AED3B55}"
EndProject
Project("{FAE04EC0-301F-11D3-BF4B-00C04F79EFBC}") = "Assembly-CSharp-Editor", "Assembly-CSharp-Editor.csproj", "{5AE32888-5E8B-DFD7-CEB0-EDAEEE6B9738}"
EndProject
Global
	GlobalSection(SolutionConfigurationPlatforms) = preSolution
		Debug|Any CPU = Debug|Any CPU
		Release|Any CPU = Release|Any CPU
	EndGlobalSection
	GlobalSection(ProjectConfigurationPlatforms) = postSolution
		{F6E31380-679E-4A71-9A21-E7213C507416}.Debug|Any CPU.ActiveCfg = Debug|Any CPU
		{F6E31380-679E-4A71-9A21-E7213C507416}.Debug|Any CPU.Build.0 = Debug|Any CPU
		{F6E31380-679E-4A71-9A21-E7213C507416}.Release|Any CPU.ActiveCfg = Release|Any CPU
		{F6E31380-679E-4A71-9A21-E7213C507416}.Release|Any CPU.Build.0 = Release|Any CPU
		{15C4A3D6-8DD7-FEDD-0C41-AC786A59070E}.Debug|Any CPU.ActiveCfg = Debug|Any CPU
		{15C4A3D6-8DD7-FEDD-0C41-AC786A59070E}.Debug|Any CPU.Build.0 = Debug|Any CPU
		{15C4A3D6-8DD7-FEDD-0C41-AC786A59070E}.Release|Any CPU.ActiveCfg = Release|Any CPU
		{15C4A3D6-8DD7-FEDD-0C41-AC786A59070E}.Release|Any CPU.Build.0 = Release|Any CPU
		{E1B65699-8A65-0513-D3AD-95D4B7447278}.Debug|Any CPU.ActiveCfg = Debug|Any CPU
		{E1B65699-8A65-0513-D3AD-95D4B7447278}.Debug|Any CPU.Build.0 = Debug|Any CPU
		{E1B65699-8A65-0513-D3AD-95D4B7447278}.Release|Any CPU.ActiveCfg = Release|Any CPU
		{E1B65699-8A65-0513-D3AD-95D4B7447278}.Release|Any CPU.Build.0 = Release|Any CPU
		{D3FB3785-6E41-D246-CBDE-C5C7372AD1D5}.Debug|Any CPU.ActiveCfg = Debug|Any CPU
		{D3FB3785-6E41-D246-CBDE-C5C7372AD1D5}.Debug|Any CPU.Build.0 = Debug|Any CPU
		{D3FB3785-6E41-D246-CBDE-C5C7372AD1D5}.Release|Any CPU.ActiveCfg = Release|Any CPU
		{D3FB3785-6E41-D246-CBDE-C5C7372AD1D5}.Release|Any CPU.Build.0 = Release|Any CPU
		{A660E7AB-96A1-FC72-39F3-4613CFB4B190}.Debug|Any CPU.ActiveCfg = Debug|Any CPU
		{A660E7AB-96A1-FC72-39F3-4613CFB4B190}.Debug|Any CPU.Build.0 = Debug|Any CPU
		{A660E7AB-96A1-FC72-39F3-4613CFB4B190}.Release|Any CPU.ActiveCfg = Release|Any CPU
		{A660E7AB-96A1-FC72-39F3-4613CFB4B190}.Release|Any CPU.Build.0 = Release|Any CPU
		{8296F615-A7A8-DA05-9CEB-8FB0EF7CB15B}.Debug|Any CPU.ActiveCfg = Debug|Any CPU
		{8296F615-A7A8-DA05-9CEB-8FB0EF7CB15B}.Debug|Any CPU.Build.0 = Debug|Any CPU
		{8296F615-A7A8-DA05-9CEB-8FB0EF7CB15B}.Release|Any CPU.ActiveCfg = Release|Any CPU
		{8296F615-A7A8-DA05-9CEB-8FB0EF7CB15B}.Release|Any CPU.Build.0 = Release|Any CPU
		{3E7BA511-4A13-04C0-7815-E3F3371EC9A7}.Debug|Any CPU.ActiveCfg = Debug|Any CPU
		{3E7BA511-4A13-04C0-7815-E3F3371EC9A7}.Debug|Any CPU.Build.0 = Debug|Any CPU
		{3E7BA511-4A13-04C0-7815-E3F3371EC9A7}.Release|Any CPU.ActiveCfg = Release|Any CPU
		{3E7BA511-4A13-04C0-7815-E3F3371EC9A7}.Release|Any CPU.Build.0 = Release|Any CPU
		{A24A0B35-7159-5C38-1BE7-54A74AED3B55}.Debug|Any CPU.ActiveCfg = Debug|Any CPU
		{A24A0B35-7159-5C38-1BE7-54A74AED3B55}.Debug|Any CPU.Build.0 = Debug|Any CPU
		{A24A0B35-7159-5C38-1BE7-54A74AED3B55}.Release|Any CPU.ActiveCfg = Release|Any CPU
		{A24A0B35-7159-5C38-1BE7-54A74AED3B55}.Release|Any CPU.Build.0 = Release|Any CPU
		{5AE32888-5E8B-DFD7-CEB0-EDAEEE6B9738}.Debug|Any CPU.ActiveCfg = Debug|Any CPU
		{5AE32888-5E8B-DFD7-CEB0-EDAEEE6B9738}.Debug|Any CPU.Build.0 = Debug|Any CPU
		{5AE32888-5E8B-DFD7-CEB0-EDAEEE6B9738}.Release|Any CPU.ActiveCfg = Release|Any CPU
		{5AE32888-5E8B-DFD7-CEB0-EDAEEE6B9738}.Release|Any CPU.Build.0 = Release|Any CPU
	EndGlobalSection
	GlobalSection(SolutionProperties) = preSolution
		HideSolutionNode = FALSE
	EndGlobalSection
	GlobalSection(MonoDevelopProperties) = preSolution
		StartupItem = Assembly-CSharp.csproj
	EndGlobalSection
EndGlobal
